// !$*UTF8*$!
{
	archiveVersion = 1;
	classes = {
	};
	objectVersion = 56;
	objects = {

/* Begin PBXBuildFile section */
		4810E2252A63571D00C9E1A0 /* OnboardingScreenView.swift in Sources */ = {isa = PBXBuildFile; fileRef = 4810E2242A63571D00C9E1A0 /* OnboardingScreenView.swift */; };
		4810E2272A63572700C9E1A0 /* OnboardingView.swift in Sources */ = {isa = PBXBuildFile; fileRef = 4810E2262A63572700C9E1A0 /* OnboardingView.swift */; };
		4810E2292A63572E00C9E1A0 /* CustomIndicator.swift in Sources */ = {isa = PBXBuildFile; fileRef = 4810E2282A63572E00C9E1A0 /* CustomIndicator.swift */; };
		4810E22D2A63632000C9E1A0 /* LoginView.swift in Sources */ = {isa = PBXBuildFile; fileRef = 4810E22C2A63632000C9E1A0 /* LoginView.swift */; };
		4810E22F2A63638D00C9E1A0 /* OnboardingScreenViewModel.swift in Sources */ = {isa = PBXBuildFile; fileRef = 4810E22E2A63638D00C9E1A0 /* OnboardingScreenViewModel.swift */; };
		4810E2312A636E6A00C9E1A0 /* AuthTextField.swift in Sources */ = {isa = PBXBuildFile; fileRef = 4810E2302A636E6A00C9E1A0 /* AuthTextField.swift */; };
		48A262EC2A6334DE00C35D40 /* JoIn_LiteApp.swift in Sources */ = {isa = PBXBuildFile; fileRef = 48A262EB2A6334DE00C35D40 /* JoIn_LiteApp.swift */; };
		48A262F02A6334DF00C35D40 /* Assets.xcassets in Resources */ = {isa = PBXBuildFile; fileRef = 48A262EF2A6334DF00C35D40 /* Assets.xcassets */; };
		48A262F32A6334DF00C35D40 /* Preview Assets.xcassets in Resources */ = {isa = PBXBuildFile; fileRef = 48A262F22A6334DF00C35D40 /* Preview Assets.xcassets */; };
		48A263022A6339DF00C35D40 /* SPMLibraries in Frameworks */ = {isa = PBXBuildFile; productRef = 48A263012A6339DF00C35D40 /* SPMLibraries */; };
		48A263072A633AD300C35D40 /* IQKeyboardManagerSwift in Frameworks */ = {isa = PBXBuildFile; productRef = 48A263062A633AD300C35D40 /* IQKeyboardManagerSwift */; };
		48F4BD2B2A64362C00644316 /* BaseView.swift in Sources */ = {isa = PBXBuildFile; fileRef = 48F4BD2A2A64362C00644316 /* BaseView.swift */; };
/* End PBXBuildFile section */

/* Begin PBXFileReference section */
		4810E2222A63561B00C9E1A0 /* Info.plist */ = {isa = PBXFileReference; lastKnownFileType = text.plist; path = Info.plist; sourceTree = "<group>"; };
		4810E2242A63571D00C9E1A0 /* OnboardingScreenView.swift */ = {isa = PBXFileReference; fileEncoding = 4; lastKnownFileType = sourcecode.swift; path = OnboardingScreenView.swift; sourceTree = "<group>"; };
		4810E2262A63572700C9E1A0 /* OnboardingView.swift */ = {isa = PBXFileReference; fileEncoding = 4; lastKnownFileType = sourcecode.swift; path = OnboardingView.swift; sourceTree = "<group>"; };
		4810E2282A63572E00C9E1A0 /* CustomIndicator.swift */ = {isa = PBXFileReference; fileEncoding = 4; lastKnownFileType = sourcecode.swift; path = CustomIndicator.swift; sourceTree = "<group>"; };
		4810E22C2A63632000C9E1A0 /* LoginView.swift */ = {isa = PBXFileReference; lastKnownFileType = sourcecode.swift; path = LoginView.swift; sourceTree = "<group>"; };
		4810E22E2A63638D00C9E1A0 /* OnboardingScreenViewModel.swift */ = {isa = PBXFileReference; lastKnownFileType = sourcecode.swift; path = OnboardingScreenViewModel.swift; sourceTree = "<group>"; };
		4810E2302A636E6A00C9E1A0 /* AuthTextField.swift */ = {isa = PBXFileReference; lastKnownFileType = sourcecode.swift; path = AuthTextField.swift; sourceTree = "<group>"; };
		48A262E82A6334DE00C35D40 /* JoIn-Lite.app */ = {isa = PBXFileReference; explicitFileType = wrapper.application; includeInIndex = 0; path = "JoIn-Lite.app"; sourceTree = BUILT_PRODUCTS_DIR; };
		48A262EB2A6334DE00C35D40 /* JoIn_LiteApp.swift */ = {isa = PBXFileReference; lastKnownFileType = sourcecode.swift; path = JoIn_LiteApp.swift; sourceTree = "<group>"; };
		48A262EF2A6334DF00C35D40 /* Assets.xcassets */ = {isa = PBXFileReference; lastKnownFileType = folder.assetcatalog; path = Assets.xcassets; sourceTree = "<group>"; };
		48A262F22A6334DF00C35D40 /* Preview Assets.xcassets */ = {isa = PBXFileReference; lastKnownFileType = folder.assetcatalog; path = "Preview Assets.xcassets"; sourceTree = "<group>"; };
		48A263002A6338FF00C35D40 /* SPMLibraries */ = {isa = PBXFileReference; lastKnownFileType = wrapper; name = SPMLibraries; path = Libraries/SPMLibraries; sourceTree = "<group>"; };
		48A263092A633B2100C35D40 /* Localization */ = {isa = PBXFileReference; lastKnownFileType = wrapper; path = Localization; sourceTree = "<group>"; };
		48A2630B2A633C1400C35D40 /* CoreUtils */ = {isa = PBXFileReference; lastKnownFileType = wrapper; path = CoreUtils; sourceTree = "<group>"; };
		48F4BD2A2A64362C00644316 /* BaseView.swift */ = {isa = PBXFileReference; lastKnownFileType = sourcecode.swift; path = BaseView.swift; sourceTree = "<group>"; };
/* End PBXFileReference section */

/* Begin PBXFrameworksBuildPhase section */
		48A262E52A6334DE00C35D40 /* Frameworks */ = {
			isa = PBXFrameworksBuildPhase;
			buildActionMask = 2147483647;
			files = (
				48A263022A6339DF00C35D40 /* SPMLibraries in Frameworks */,
				48A263072A633AD300C35D40 /* IQKeyboardManagerSwift in Frameworks */,
			);
			runOnlyForDeploymentPostprocessing = 0;
		};
/* End PBXFrameworksBuildPhase section */

/* Begin PBXGroup section */
		4810E2232A6356FC00C9E1A0 /* Onboarding */ = {
			isa = PBXGroup;
			children = (
				4810E2262A63572700C9E1A0 /* OnboardingView.swift */,
				4810E2242A63571D00C9E1A0 /* OnboardingScreenView.swift */,
				4810E22E2A63638D00C9E1A0 /* OnboardingScreenViewModel.swift */,
			);
			path = Onboarding;
			sourceTree = "<group>";
		};
		4810E22A2A6362DE00C9E1A0 /* Common */ = {
			isa = PBXGroup;
			children = (
				4810E2282A63572E00C9E1A0 /* CustomIndicator.swift */,
				4810E2302A636E6A00C9E1A0 /* AuthTextField.swift */,
			);
			path = Common;
			sourceTree = "<group>";
		};
		4810E22B2A63631400C9E1A0 /* Login */ = {
			isa = PBXGroup;
			children = (
				4810E22C2A63632000C9E1A0 /* LoginView.swift */,
			);
			path = Login;
			sourceTree = "<group>";
		};
		48A262DF2A6334DE00C35D40 = {
			isa = PBXGroup;
			children = (
				48A262EA2A6334DE00C35D40 /* JoIn-Lite */,
				48A262E92A6334DE00C35D40 /* Products */,
				48A262FD2A6336D900C35D40 /* Frameworks */,
			);
			sourceTree = "<group>";
		};
		48A262E92A6334DE00C35D40 /* Products */ = {
			isa = PBXGroup;
			children = (
				48A262E82A6334DE00C35D40 /* JoIn-Lite.app */,
			);
			name = Products;
			sourceTree = "<group>";
		};
		48A262EA2A6334DE00C35D40 /* JoIn-Lite */ = {
			isa = PBXGroup;
			children = (
				4810E2222A63561B00C9E1A0 /* Info.plist */,
				48A2630C2A633D8700C35D40 /* App */,
				48A262F12A6334DF00C35D40 /* Preview Content */,
			);
			path = "JoIn-Lite";
			sourceTree = "<group>";
		};
		48A262F12A6334DF00C35D40 /* Preview Content */ = {
			isa = PBXGroup;
			children = (
				48A262F22A6334DF00C35D40 /* Preview Assets.xcassets */,
			);
			path = "Preview Content";
			sourceTree = "<group>";
		};
		48A262F92A63350B00C35D40 /* Modules */ = {
			isa = PBXGroup;
			children = (
				4810E22B2A63631400C9E1A0 /* Login */,
				4810E2232A6356FC00C9E1A0 /* Onboarding */,
			);
			path = Modules;
			sourceTree = "<group>";
		};
		48A262FA2A63351F00C35D40 /* Packages */ = {
			isa = PBXGroup;
			children = (
				48A263002A6338FF00C35D40 /* SPMLibraries */,
				48A263082A633B0900C35D40 /* Local */,
			);
			path = Packages;
			sourceTree = "<group>";
		};
		48A262FD2A6336D900C35D40 /* Frameworks */ = {
			isa = PBXGroup;
			children = (
			);
			name = Frameworks;
			sourceTree = "<group>";
		};
		48A263082A633B0900C35D40 /* Local */ = {
			isa = PBXGroup;
			children = (
				48A2630B2A633C1400C35D40 /* CoreUtils */,
				48A263092A633B2100C35D40 /* Localization */,
			);
			path = Local;
			sourceTree = "<group>";
		};
		48A2630C2A633D8700C35D40 /* App */ = {
			isa = PBXGroup;
			children = (
				48A262EB2A6334DE00C35D40 /* JoIn_LiteApp.swift */,
				48F4BD2C2A643E4400644316 /* Base */,
				48A262F92A63350B00C35D40 /* Modules */,
				48A262FA2A63351F00C35D40 /* Packages */,
				4810E22A2A6362DE00C9E1A0 /* Common */,
				48A2630D2A633D9B00C35D40 /* Resources */,
			);
			path = App;
			sourceTree = "<group>";
		};
		48A2630D2A633D9B00C35D40 /* Resources */ = {
			isa = PBXGroup;
			children = (
				48A262EF2A6334DF00C35D40 /* Assets.xcassets */,
			);
			path = Resources;
			sourceTree = "<group>";
		};
		48F4BD2C2A643E4400644316 /* Base */ = {
			isa = PBXGroup;
			children = (
				48F4BD2A2A64362C00644316 /* BaseView.swift */,
			);
			path = Base;
			sourceTree = "<group>";
		};
/* End PBXGroup section */

/* Begin PBXNativeTarget section */
		48A262E72A6334DE00C35D40 /* JoIn-Lite */ = {
			isa = PBXNativeTarget;
			buildConfigurationList = 48A262F62A6334DF00C35D40 /* Build configuration list for PBXNativeTarget "JoIn-Lite" */;
			buildPhases = (
				48A262E42A6334DE00C35D40 /* Sources */,
				48A262E52A6334DE00C35D40 /* Frameworks */,
				48A262E62A6334DE00C35D40 /* Resources */,
			);
			buildRules = (
			);
			dependencies = (
			);
			name = "JoIn-Lite";
			packageProductDependencies = (
				48A263012A6339DF00C35D40 /* SPMLibraries */,
				48A263062A633AD300C35D40 /* IQKeyboardManagerSwift */,
			);
			productName = "JoIn-Lite";
			productReference = 48A262E82A6334DE00C35D40 /* JoIn-Lite.app */;
			productType = "com.apple.product-type.application";
		};
/* End PBXNativeTarget section */

/* Begin PBXProject section */
		48A262E02A6334DE00C35D40 /* Project object */ = {
			isa = PBXProject;
			attributes = {
				BuildIndependentTargetsInParallel = 1;
				LastSwiftUpdateCheck = 1500;
				LastUpgradeCheck = 1500;
				TargetAttributes = {
					48A262E72A6334DE00C35D40 = {
						CreatedOnToolsVersion = 15.0;
					};
				};
			};
			buildConfigurationList = 48A262E32A6334DE00C35D40 /* Build configuration list for PBXProject "JoIn-Lite" */;
			compatibilityVersion = "Xcode 14.0";
			developmentRegion = tr;
			hasScannedForEncodings = 0;
			knownRegions = (
				en,
				Base,
				tr,
			);
			mainGroup = 48A262DF2A6334DE00C35D40;
			packageReferences = (
				48A263032A6339F600C35D40 /* XCRemoteSwiftPackageReference "IQKeyboardManager" */,
			);
			productRefGroup = 48A262E92A6334DE00C35D40 /* Products */;
			projectDirPath = "";
			projectRoot = "";
			targets = (
				48A262E72A6334DE00C35D40 /* JoIn-Lite */,
			);
		};
/* End PBXProject section */

/* Begin PBXResourcesBuildPhase section */
		48A262E62A6334DE00C35D40 /* Resources */ = {
			isa = PBXResourcesBuildPhase;
			buildActionMask = 2147483647;
			files = (
				48A262F32A6334DF00C35D40 /* Preview Assets.xcassets in Resources */,
				48A262F02A6334DF00C35D40 /* Assets.xcassets in Resources */,
			);
			runOnlyForDeploymentPostprocessing = 0;
		};
/* End PBXResourcesBuildPhase section */

/* Begin PBXSourcesBuildPhase section */
		48A262E42A6334DE00C35D40 /* Sources */ = {
			isa = PBXSourcesBuildPhase;
			buildActionMask = 2147483647;
			files = (
				4810E2272A63572700C9E1A0 /* OnboardingView.swift in Sources */,
				4810E22F2A63638D00C9E1A0 /* OnboardingScreenViewModel.swift in Sources */,
				4810E2312A636E6A00C9E1A0 /* AuthTextField.swift in Sources */,
				4810E2252A63571D00C9E1A0 /* OnboardingScreenView.swift in Sources */,
				48A262EC2A6334DE00C35D40 /* JoIn_LiteApp.swift in Sources */,
				4810E22D2A63632000C9E1A0 /* LoginView.swift in Sources */,
				4810E2292A63572E00C9E1A0 /* CustomIndicator.swift in Sources */,
				48F4BD2B2A64362C00644316 /* BaseView.swift in Sources */,
			);
			runOnlyForDeploymentPostprocessing = 0;
		};
/* End PBXSourcesBuildPhase section */

/* Begin XCBuildConfiguration section */
		48A262F42A6334DF00C35D40 /* Debug */ = {
			isa = XCBuildConfiguration;
			buildSettings = {
				ALWAYS_SEARCH_USER_PATHS = NO;
				ASSETCATALOG_COMPILER_GENERATE_SWIFT_ASSET_SYMBOL_EXTENSIONS = YES;
				CLANG_ANALYZER_NONNULL = YES;
				CLANG_ANALYZER_NUMBER_OBJECT_CONVERSION = YES_AGGRESSIVE;
				CLANG_CXX_LANGUAGE_STANDARD = "gnu++20";
				CLANG_ENABLE_MODULES = YES;
				CLANG_ENABLE_OBJC_ARC = YES;
				CLANG_ENABLE_OBJC_WEAK = YES;
				CLANG_WARN_BLOCK_CAPTURE_AUTORELEASING = YES;
				CLANG_WARN_BOOL_CONVERSION = YES;
				CLANG_WARN_COMMA = YES;
				CLANG_WARN_CONSTANT_CONVERSION = YES;
				CLANG_WARN_DEPRECATED_OBJC_IMPLEMENTATIONS = YES;
				CLANG_WARN_DIRECT_OBJC_ISA_USAGE = YES_ERROR;
				CLANG_WARN_DOCUMENTATION_COMMENTS = YES;
				CLANG_WARN_EMPTY_BODY = YES;
				CLANG_WARN_ENUM_CONVERSION = YES;
				CLANG_WARN_INFINITE_RECURSION = YES;
				CLANG_WARN_INT_CONVERSION = YES;
				CLANG_WARN_NON_LITERAL_NULL_CONVERSION = YES;
				CLANG_WARN_OBJC_IMPLICIT_RETAIN_SELF = YES;
				CLANG_WARN_OBJC_LITERAL_CONVERSION = YES;
				CLANG_WARN_OBJC_ROOT_CLASS = YES_ERROR;
				CLANG_WARN_QUOTED_INCLUDE_IN_FRAMEWORK_HEADER = YES;
				CLANG_WARN_RANGE_LOOP_ANALYSIS = YES;
				CLANG_WARN_STRICT_PROTOTYPES = YES;
				CLANG_WARN_SUSPICIOUS_MOVE = YES;
				CLANG_WARN_UNGUARDED_AVAILABILITY = YES_AGGRESSIVE;
				CLANG_WARN_UNREACHABLE_CODE = YES;
				CLANG_WARN__DUPLICATE_METHOD_MATCH = YES;
				COPY_PHASE_STRIP = NO;
				DEBUG_INFORMATION_FORMAT = dwarf;
				ENABLE_STRICT_OBJC_MSGSEND = YES;
				ENABLE_TESTABILITY = YES;
				ENABLE_USER_SCRIPT_SANDBOXING = YES;
				GCC_C_LANGUAGE_STANDARD = gnu17;
				GCC_DYNAMIC_NO_PIC = NO;
				GCC_NO_COMMON_BLOCKS = YES;
				GCC_OPTIMIZATION_LEVEL = 0;
				GCC_PREPROCESSOR_DEFINITIONS = (
					"DEBUG=1",
					"$(inherited)",
				);
				GCC_WARN_64_TO_32_BIT_CONVERSION = YES;
				GCC_WARN_ABOUT_RETURN_TYPE = YES_ERROR;
				GCC_WARN_UNDECLARED_SELECTOR = YES;
				GCC_WARN_UNINITIALIZED_AUTOS = YES_AGGRESSIVE;
				GCC_WARN_UNUSED_FUNCTION = YES;
				GCC_WARN_UNUSED_VARIABLE = YES;
				IPHONEOS_DEPLOYMENT_TARGET = 17.0;
				LOCALIZATION_PREFERS_STRING_CATALOGS = YES;
				MTL_ENABLE_DEBUG_INFO = INCLUDE_SOURCE;
				MTL_FAST_MATH = YES;
				ONLY_ACTIVE_ARCH = YES;
				SDKROOT = iphoneos;
				SWIFT_ACTIVE_COMPILATION_CONDITIONS = "DEBUG $(inherited)";
				SWIFT_OPTIMIZATION_LEVEL = "-Onone";
			};
			name = Debug;
		};
		48A262F52A6334DF00C35D40 /* Release */ = {
			isa = XCBuildConfiguration;
			buildSettings = {
				ALWAYS_SEARCH_USER_PATHS = NO;
				ASSETCATALOG_COMPILER_GENERATE_SWIFT_ASSET_SYMBOL_EXTENSIONS = YES;
				CLANG_ANALYZER_NONNULL = YES;
				CLANG_ANALYZER_NUMBER_OBJECT_CONVERSION = YES_AGGRESSIVE;
				CLANG_CXX_LANGUAGE_STANDARD = "gnu++20";
				CLANG_ENABLE_MODULES = YES;
				CLANG_ENABLE_OBJC_ARC = YES;
				CLANG_ENABLE_OBJC_WEAK = YES;
				CLANG_WARN_BLOCK_CAPTURE_AUTORELEASING = YES;
				CLANG_WARN_BOOL_CONVERSION = YES;
				CLANG_WARN_COMMA = YES;
				CLANG_WARN_CONSTANT_CONVERSION = YES;
				CLANG_WARN_DEPRECATED_OBJC_IMPLEMENTATIONS = YES;
				CLANG_WARN_DIRECT_OBJC_ISA_USAGE = YES_ERROR;
				CLANG_WARN_DOCUMENTATION_COMMENTS = YES;
				CLANG_WARN_EMPTY_BODY = YES;
				CLANG_WARN_ENUM_CONVERSION = YES;
				CLANG_WARN_INFINITE_RECURSION = YES;
				CLANG_WARN_INT_CONVERSION = YES;
				CLANG_WARN_NON_LITERAL_NULL_CONVERSION = YES;
				CLANG_WARN_OBJC_IMPLICIT_RETAIN_SELF = YES;
				CLANG_WARN_OBJC_LITERAL_CONVERSION = YES;
				CLANG_WARN_OBJC_ROOT_CLASS = YES_ERROR;
				CLANG_WARN_QUOTED_INCLUDE_IN_FRAMEWORK_HEADER = YES;
				CLANG_WARN_RANGE_LOOP_ANALYSIS = YES;
				CLANG_WARN_STRICT_PROTOTYPES = YES;
				CLANG_WARN_SUSPICIOUS_MOVE = YES;
				CLANG_WARN_UNGUARDED_AVAILABILITY = YES_AGGRESSIVE;
				CLANG_WARN_UNREACHABLE_CODE = YES;
				CLANG_WARN__DUPLICATE_METHOD_MATCH = YES;
				COPY_PHASE_STRIP = NO;
				DEBUG_INFORMATION_FORMAT = "dwarf-with-dsym";
				ENABLE_NS_ASSERTIONS = NO;
				ENABLE_STRICT_OBJC_MSGSEND = YES;
				ENABLE_USER_SCRIPT_SANDBOXING = YES;
				GCC_C_LANGUAGE_STANDARD = gnu17;
				GCC_NO_COMMON_BLOCKS = YES;
				GCC_WARN_64_TO_32_BIT_CONVERSION = YES;
				GCC_WARN_ABOUT_RETURN_TYPE = YES_ERROR;
				GCC_WARN_UNDECLARED_SELECTOR = YES;
				GCC_WARN_UNINITIALIZED_AUTOS = YES_AGGRESSIVE;
				GCC_WARN_UNUSED_FUNCTION = YES;
				GCC_WARN_UNUSED_VARIABLE = YES;
				IPHONEOS_DEPLOYMENT_TARGET = 17.0;
				LOCALIZATION_PREFERS_STRING_CATALOGS = YES;
				MTL_ENABLE_DEBUG_INFO = NO;
				MTL_FAST_MATH = YES;
				SDKROOT = iphoneos;
				SWIFT_COMPILATION_MODE = wholemodule;
				VALIDATE_PRODUCT = YES;
			};
			name = Release;
		};
		48A262F72A6334DF00C35D40 /* Debug */ = {
			isa = XCBuildConfiguration;
			buildSettings = {
				ASSETCATALOG_COMPILER_APPICON_NAME = AppIcon;
				ASSETCATALOG_COMPILER_GLOBAL_ACCENT_COLOR_NAME = AccentColor;
				CODE_SIGN_STYLE = Automatic;
				CURRENT_PROJECT_VERSION = 1;
				DEVELOPMENT_ASSET_PATHS = "\"JoIn-Lite/Preview Content\"";
				DEVELOPMENT_TEAM = 8YH2HY6PT8;
				ENABLE_PREVIEWS = YES;
				GENERATE_INFOPLIST_FILE = YES;
				INFOPLIST_FILE = "JoIn-Lite/Info.plist";
				INFOPLIST_KEY_UIApplicationSceneManifest_Generation = YES;
				INFOPLIST_KEY_UIApplicationSupportsIndirectInputEvents = YES;
				INFOPLIST_KEY_UILaunchScreen_Generation = YES;
				INFOPLIST_KEY_UISupportedInterfaceOrientations_iPad = "UIInterfaceOrientationPortrait UIInterfaceOrientationPortraitUpsideDown UIInterfaceOrientationLandscapeLeft UIInterfaceOrientationLandscapeRight";
				INFOPLIST_KEY_UISupportedInterfaceOrientations_iPhone = "UIInterfaceOrientationPortrait UIInterfaceOrientationLandscapeLeft UIInterfaceOrientationLandscapeRight";
				LD_RUNPATH_SEARCH_PATHS = (
					"$(inherited)",
					"@executable_path/Frameworks",
				);
				MARKETING_VERSION = 1.0;
				PRODUCT_BUNDLE_IDENTIFIER = "com.yac.JoIn-Lite";
				PRODUCT_NAME = "$(TARGET_NAME)";
				SWIFT_EMIT_LOC_STRINGS = YES;
				SWIFT_VERSION = 5.0;
				TARGETED_DEVICE_FAMILY = "1,2";
			};
			name = Debug;
		};
		48A262F82A6334DF00C35D40 /* Release */ = {
			isa = XCBuildConfiguration;
			buildSettings = {
				ASSETCATALOG_COMPILER_APPICON_NAME = AppIcon;
				ASSETCATALOG_COMPILER_GLOBAL_ACCENT_COLOR_NAME = AccentColor;
				CODE_SIGN_STYLE = Automatic;
				CURRENT_PROJECT_VERSION = 1;
				DEVELOPMENT_ASSET_PATHS = "\"JoIn-Lite/Preview Content\"";
				DEVELOPMENT_TEAM = 8YH2HY6PT8;
				ENABLE_PREVIEWS = YES;
				GENERATE_INFOPLIST_FILE = YES;
				INFOPLIST_FILE = "JoIn-Lite/Info.plist";
				INFOPLIST_KEY_UIApplicationSceneManifest_Generation = YES;
				INFOPLIST_KEY_UIApplicationSupportsIndirectInputEvents = YES;
				INFOPLIST_KEY_UILaunchScreen_Generation = YES;
				INFOPLIST_KEY_UISupportedInterfaceOrientations_iPad = "UIInterfaceOrientationPortrait UIInterfaceOrientationPortraitUpsideDown UIInterfaceOrientationLandscapeLeft UIInterfaceOrientationLandscapeRight";
				INFOPLIST_KEY_UISupportedInterfaceOrientations_iPhone = "UIInterfaceOrientationPortrait UIInterfaceOrientationLandscapeLeft UIInterfaceOrientationLandscapeRight";
				LD_RUNPATH_SEARCH_PATHS = (
					"$(inherited)",
					"@executable_path/Frameworks",
				);
				MARKETING_VERSION = 1.0;
				PRODUCT_BUNDLE_IDENTIFIER = "com.yac.JoIn-Lite";
				PRODUCT_NAME = "$(TARGET_NAME)";
				SWIFT_EMIT_LOC_STRINGS = YES;
				SWIFT_VERSION = 5.0;
				TARGETED_DEVICE_FAMILY = "1,2";
			};
			name = Release;
		};
/* End XCBuildConfiguration section */

/* Begin XCConfigurationList section */
		48A262E32A6334DE00C35D40 /* Build configuration list for PBXProject "JoIn-Lite" */ = {
			isa = XCConfigurationList;
			buildConfigurations = (
				48A262F42A6334DF00C35D40 /* Debug */,
				48A262F52A6334DF00C35D40 /* Release */,
			);
			defaultConfigurationIsVisible = 0;
			defaultConfigurationName = Release;
		};
		48A262F62A6334DF00C35D40 /* Build configuration list for PBXNativeTarget "JoIn-Lite" */ = {
			isa = XCConfigurationList;
			buildConfigurations = (
				48A262F72A6334DF00C35D40 /* Debug */,
				48A262F82A6334DF00C35D40 /* Release */,
			);
			defaultConfigurationIsVisible = 0;
			defaultConfigurationName = Release;
		};
/* End XCConfigurationList section */

/* Begin XCRemoteSwiftPackageReference section */
		48A263032A6339F600C35D40 /* XCRemoteSwiftPackageReference "IQKeyboardManager" */ = {
			isa = XCRemoteSwiftPackageReference;
			repositoryURL = "https://github.com/hackiftekhar/IQKeyboardManager.git";
			requirement = {
				kind = upToNextMajorVersion;
				minimumVersion = 6.5.12;
			};
		};
/* End XCRemoteSwiftPackageReference section */

/* Begin XCSwiftPackageProductDependency section */
		48A263012A6339DF00C35D40 /* SPMLibraries */ = {
			isa = XCSwiftPackageProductDependency;
			productName = SPMLibraries;
		};
		48A263062A633AD300C35D40 /* IQKeyboardManagerSwift */ = {
			isa = XCSwiftPackageProductDependency;
			package = 48A263032A6339F600C35D40 /* XCRemoteSwiftPackageReference "IQKeyboardManager" */;
			productName = IQKeyboardManagerSwift;
		};
/* End XCSwiftPackageProductDependency section */
	};
	rootObject = 48A262E02A6334DE00C35D40 /* Project object */;
}
